
Microsoft Visual Studio Solution File, Format Version 12.00
# Visual Studio Version 16
VisualStudioVersion = 16.0.29613.14
MinimumVisualStudioVersion = 10.0.40219.1
Project("{FAE04EC0-301F-11D3-BF4B-00C04F79EFBC}") = "Ereditarietà2", "Ereditarietà2\Ereditarietà2.csproj", "{40D6AC6B-2A9C-4800-9F03-BB7C4379D7B6}"
EndProject
Global
	GlobalSection(SolutionConfigurationPlatforms) = preSolution
		Debug|Any CPU = Debug|Any CPU
		Release|Any CPU = Release|Any CPU
	EndGlobalSection
	GlobalSection(ProjectConfigurationPlatforms) = postSolution
		{40D6AC6B-2A9C-4800-9F03-BB7C4379D7B6}.Debug|Any CPU.ActiveCfg = Debug|Any CPU
		{40D6AC6B-2A9C-4800-9F03-BB7C4379D7B6}.Debug|Any CPU.Build.0 = Debug|Any CPU
		{40D6AC6B-2A9C-4800-9F03-BB7C4379D7B6}.Release|Any CPU.ActiveCfg = Release|Any CPU
		{40D6AC6B-2A9C-4800-9F03-BB7C4379D7B6}.Release|Any CPU.Build.0 = Release|Any CPU
	EndGlobalSection
	GlobalSection(SolutionProperties) = preSolution
		HideSolutionNode = FALSE
	EndGlobalSection
	GlobalSection(ExtensibilityGlobals) = postSolution
		SolutionGuid = {A045271D-1AE3-4B11-ADF1-C3208D05F408}
	EndGlobalSection
EndGlobal
